Microsoft Visual Studio Solution File, Format Version 12.00
# Visual Studio Version 18
VisualStudioVersion = 18.1.11312.151
MinimumVisualStudioVersion = 10.0.40219.1
Project("{FAE04EC0-301F-11D3-BF4B-00C04F79EFBC}") = "FindDuplicates", "src\FindDuplicates\FindDuplicates.csproj", "{1B9F879C-300A-C459-1646-5710B197D09D}"
EndProject
Project("{FAE04EC0-301F-11D3-BF4B-00C04F79EFBC}") = "FindDuplicates.Tests", "src\FindDuplicatesTests\FindDuplicates.Tests.csproj", "{DCF8936C-F96B-D8A6-252E-C4177F9B9061}"
EndProject
Project("{2150E333-8FDC-42A3-9474-1A3956D46DE8}") = "Solution Items", "Solution Items", "{010C3DD6-A8AE-4677-BB3D-C1EF895C908C}"
	ProjectSection(SolutionItems) = preProject
		.gitattributes = .gitattributes
		.gitignore = .gitignore
		LICENSE.txt = LICENSE.txt
		README.md = README.md
	EndProjectSection
EndProject
Project("{2150E333-8FDC-42A3-9474-1A3956D46DE8}") = ".github", ".github", "{7831A1B8-2DB1-43A0-B39A-0C4A5DC01EAC}"
EndProject
Project("{2150E333-8FDC-42A3-9474-1A3956D46DE8}") = "workflows", "workflows", "{546AE01C-6AE9-42A4-8DC6-98A734A46B7D}"
	ProjectSection(SolutionItems) = preProject
		.github\workflows\codeql.yml = .github\workflows\codeql.yml
		.github\workflows\dotnet.yml = .github\workflows\dotnet.yml
	EndProjectSection
EndProject
Global
	GlobalSection(SolutionConfigurationPlatforms) = preSolution
		Debug|Any CPU = Debug|Any CPU
		Release|Any CPU = Release|Any CPU
	EndGlobalSection
	GlobalSection(ProjectConfigurationPlatforms) = postSolution
		{1B9F879C-300A-C459-1646-5710B197D09D}.Debug|Any CPU.ActiveCfg = Debug|Any CPU
		{1B9F879C-300A-C459-1646-5710B197D09D}.Debug|Any CPU.Build.0 = Debug|Any CPU
		{1B9F879C-300A-C459-1646-5710B197D09D}.Release|Any CPU.ActiveCfg = Release|Any CPU
		{1B9F879C-300A-C459-1646-5710B197D09D}.Release|Any CPU.Build.0 = Release|Any CPU
		{DCF8936C-F96B-D8A6-252E-C4177F9B9061}.Debug|Any CPU.ActiveCfg = Debug|Any CPU
		{DCF8936C-F96B-D8A6-252E-C4177F9B9061}.Debug|Any CPU.Build.0 = Debug|Any CPU
		{DCF8936C-F96B-D8A6-252E-C4177F9B9061}.Release|Any CPU.ActiveCfg = Release|Any CPU
		{DCF8936C-F96B-D8A6-252E-C4177F9B9061}.Release|Any CPU.Build.0 = Release|Any CPU
	EndGlobalSection
	GlobalSection(SolutionProperties) = preSolution
		HideSolutionNode = FALSE
	EndGlobalSection
	GlobalSection(NestedProjects) = preSolution
		{546AE01C-6AE9-42A4-8DC6-98A734A46B7D} = {7831A1B8-2DB1-43A0-B39A-0C4A5DC01EAC}
	EndGlobalSection
	GlobalSection(ExtensibilityGlobals) = postSolution
		SolutionGuid = {36C15081-AC56-4108-BF3D-810D313D16B6}
	EndGlobalSection
EndGlobal
